
Microsoft Visual Studio Solution File, Format Version 12.00
# Visual Studio Version 17
VisualStudioVersion = 17.3.32804.467
MinimumVisualStudioVersion = 10.0.40219.1
Project("{FAE04EC0-301F-11D3-BF4B-00C04F79EFBC}") = "BackEND_Sensor", "BackEND_Sensor.csproj", "{DD79F23E-8655-4FD5-87C8-D978DF5F95F7}"
EndProject
Project("{FAE04EC0-301F-11D3-BF4B-00C04F79EFBC}") = "NetCoreAPIMySQL.Data", "..\NetCoreAPIMySQL.Data\NetCoreAPIMySQL.Data.csproj", "{E7EF7324-0C7C-4AAE-99AE-EE8E5C4C6F71}"
EndProject
Project("{FAE04EC0-301F-11D3-BF4B-00C04F79EFBC}") = "NetCoreAPIMySQL.Model", "..\NetCoreAPIMySQL.Model\NetCoreAPIMySQL.Model.csproj", "{8A1F2F94-4CDB-4149-803F-9388877641AC}"
EndProject
Global
	GlobalSection(SolutionConfigurationPlatforms) = preSolution
		Debug|Any CPU = Debug|Any CPU
		Release|Any CPU = Release|Any CPU
	EndGlobalSection
	GlobalSection(ProjectConfigurationPlatforms) = postSolution
		{DD79F23E-8655-4FD5-87C8-D978DF5F95F7}.Debug|Any CPU.ActiveCfg = Debug|Any CPU
		{DD79F23E-8655-4FD5-87C8-D978DF5F95F7}.Debug|Any CPU.Build.0 = Debug|Any CPU
		{DD79F23E-8655-4FD5-87C8-D978DF5F95F7}.Release|Any CPU.ActiveCfg = Release|Any CPU
		{DD79F23E-8655-4FD5-87C8-D978DF5F95F7}.Release|Any CPU.Build.0 = Release|Any CPU
		{E7EF7324-0C7C-4AAE-99AE-EE8E5C4C6F71}.Debug|Any CPU.ActiveCfg = Debug|Any CPU
		{E7EF7324-0C7C-4AAE-99AE-EE8E5C4C6F71}.Debug|Any CPU.Build.0 = Debug|Any CPU
		{E7EF7324-0C7C-4AAE-99AE-EE8E5C4C6F71}.Release|Any CPU.ActiveCfg = Release|Any CPU
		{E7EF7324-0C7C-4AAE-99AE-EE8E5C4C6F71}.Release|Any CPU.Build.0 = Release|Any CPU
		{8A1F2F94-4CDB-4149-803F-9388877641AC}.Debug|Any CPU.ActiveCfg = Debug|Any CPU
		{8A1F2F94-4CDB-4149-803F-9388877641AC}.Debug|Any CPU.Build.0 = Debug|Any CPU
		{8A1F2F94-4CDB-4149-803F-9388877641AC}.Release|Any CPU.ActiveCfg = Release|Any CPU
		{8A1F2F94-4CDB-4149-803F-9388877641AC}.Release|Any CPU.Build.0 = Release|Any CPU
	EndGlobalSection
	GlobalSection(SolutionProperties) = preSolution
		HideSolutionNode = FALSE
	EndGlobalSection
	GlobalSection(ExtensibilityGlobals) = postSolution
		SolutionGuid = {70FC6AC0-35D8-42CF-B047-8DEFC8682B37}
	EndGlobalSection
EndGlobal
